
Microsoft Visual Studio Solution File, Format Version 12.00
Project("{FAE04EC0-301F-11D3-BF4B-00C04F79EFBC}") = "SearchByCharacters", "SearchByCharacters\SearchByCharacters.csproj", "{DA02FF38-A7ED-4B46-B558-9382F36E20D7}"
EndProject
Global
	GlobalSection(SolutionConfigurationPlatforms) = preSolution
		Debug|Any CPU = Debug|Any CPU
		Release|Any CPU = Release|Any CPU
	EndGlobalSection
	GlobalSection(ProjectConfigurationPlatforms) = postSolution
		{DA02FF38-A7ED-4B46-B558-9382F36E20D7}.Debug|Any CPU.ActiveCfg = Debug|Any CPU
		{DA02FF38-A7ED-4B46-B558-9382F36E20D7}.Debug|Any CPU.Build.0 = Debug|Any CPU
		{DA02FF38-A7ED-4B46-B558-9382F36E20D7}.Release|Any CPU.ActiveCfg = Release|Any CPU
		{DA02FF38-A7ED-4B46-B558-9382F36E20D7}.Release|Any CPU.Build.0 = Release|Any CPU
	EndGlobalSection
    	GlobalSection(SolutionProperties) = preSolution
    		HideSolutionNode = FALSE
    	EndGlobalSection
    	GlobalSection(ExtensibilityGlobals) = postSolution
    		SolutionGuid = {F65972B3-38E3-4C04-AEE6-39011BA97DCA}
    	EndGlobalSection
EndGlobal
